
Microsoft Visual Studio Solution File, Format Version 12.00
# Visual Studio Version 16
VisualStudioVersion = 16.0.30907.101
MinimumVisualStudioVersion = 10.0.40219.1
Project("{FAE04EC0-301F-11D3-BF4B-00C04F79EFBC}") = "WpfTBQuestGame.S2", "WpfTBQuestGame.S2.csproj", "{08881395-9DFC-4BE0-946E-9655DBC90609}"
EndProject
Global
	GlobalSection(SolutionConfigurationPlatforms) = preSolution
		Debug|Any CPU = Debug|Any CPU
		Release|Any CPU = Release|Any CPU
	EndGlobalSection
	GlobalSection(ProjectConfigurationPlatforms) = postSolution
		{08881395-9DFC-4BE0-946E-9655DBC90609}.Debug|Any CPU.ActiveCfg = Debug|Any CPU
		{08881395-9DFC-4BE0-946E-9655DBC90609}.Debug|Any CPU.Build.0 = Debug|Any CPU
		{08881395-9DFC-4BE0-946E-9655DBC90609}.Release|Any CPU.ActiveCfg = Release|Any CPU
		{08881395-9DFC-4BE0-946E-9655DBC90609}.Release|Any CPU.Build.0 = Release|Any CPU
	EndGlobalSection
	GlobalSection(SolutionProperties) = preSolution
		HideSolutionNode = FALSE
	EndGlobalSection
	GlobalSection(ExtensibilityGlobals) = postSolution
		SolutionGuid = {2807D381-C7E7-4CC6-878A-9EDF3107148D}
	EndGlobalSection
EndGlobal
